// !$*UTF8*$!
{
	archiveVersion = 1;
	classes = {
	};
	objectVersion = 46;
	objects = {

/* Begin PBXBuildFile section */
		9D817C7D1A89A33C00137605 /* AppDelegate.swift in Sources */ = {isa = PBXBuildFile; fileRef = 9D817C7C1A89A33C00137605 /* AppDelegate.swift */; };
		9D817C7F1A89A33C00137605 /* ViewController.swift in Sources */ = {isa = PBXBuildFile; fileRef = 9D817C7E1A89A33C00137605 /* ViewController.swift */; };
		9D817C821A89A33C00137605 /* Main.storyboard in Resources */ = {isa = PBXBuildFile; fileRef = 9D817C801A89A33C00137605 /* Main.storyboard */; };
		9D817C841A89A33C00137605 /* Images.xcassets in Resources */ = {isa = PBXBuildFile; fileRef = 9D817C831A89A33C00137605 /* Images.xcassets */; };
		9D817C871A89A33C00137605 /* LaunchScreen.xib in Resources */ = {isa = PBXBuildFile; fileRef = 9D817C851A89A33C00137605 /* LaunchScreen.xib */; };
		9D817C931A89A33C00137605 /* TYMutiTaskKitTests.swift in Sources */ = {isa = PBXBuildFile; fileRef = 9D817C921A89A33C00137605 /* TYMutiTaskKitTests.swift */; };
		9D817C9E1A89A3CD00137605 /* TYBaseTask.swift in Sources */ = {isa = PBXBuildFile; fileRef = 9D817C9D1A89A3CD00137605 /* TYBaseTask.swift */; };
		9D817CA11A89AB2700137605 /* TYDownloadImageTask.swift in Sources */ = {isa = PBXBuildFile; fileRef = 9D817CA01A89AB2700137605 /* TYDownloadImageTask.swift */; };
		9D817CA31A89AB6200137605 /* TYFetchNetworkDataTask.swift in Sources */ = {isa = PBXBuildFile; fileRef = 9D817CA21A89AB6200137605 /* TYFetchNetworkDataTask.swift */; };
		9D817CC51A89D8F700137605 /* CGSize+Swift.swift in Sources */ = {isa = PBXBuildFile; fileRef = 9D817CB21A89D8F700137605 /* CGSize+Swift.swift */; };
		9D817CC61A89D8F700137605 /* CGSize+Swift.swift in Sources */ = {isa = PBXBuildFile; fileRef = 9D817CB21A89D8F700137605 /* CGSize+Swift.swift */; };
		9D817CC71A89D8F700137605 /* CryptoSwiftMD5.swift in Sources */ = {isa = PBXBuildFile; fileRef = 9D817CB41A89D8F700137605 /* CryptoSwiftMD5.swift */; };
		9D817CC81A89D8F700137605 /* CryptoSwiftMD5.swift in Sources */ = {isa = PBXBuildFile; fileRef = 9D817CB41A89D8F700137605 /* CryptoSwiftMD5.swift */; };
		9D817CC91A89D8F700137605 /* Data.swift in Sources */ = {isa = PBXBuildFile; fileRef = 9D817CB51A89D8F700137605 /* Data.swift */; };
		9D817CCA1A89D8F700137605 /* Data.swift in Sources */ = {isa = PBXBuildFile; fileRef = 9D817CB51A89D8F700137605 /* Data.swift */; };
		9D817CCB1A89D8F700137605 /* DiskCache.swift in Sources */ = {isa = PBXBuildFile; fileRef = 9D817CB61A89D8F700137605 /* DiskCache.swift */; };
		9D817CCC1A89D8F700137605 /* DiskCache.swift in Sources */ = {isa = PBXBuildFile; fileRef = 9D817CB61A89D8F700137605 /* DiskCache.swift */; };
		9D817CCD1A89D8F700137605 /* DiskFetcher.swift in Sources */ = {isa = PBXBuildFile; fileRef = 9D817CB71A89D8F700137605 /* DiskFetcher.swift */; };
		9D817CCE1A89D8F700137605 /* DiskFetcher.swift in Sources */ = {isa = PBXBuildFile; fileRef = 9D817CB71A89D8F700137605 /* DiskFetcher.swift */; };
		9D817CCF1A89D8F700137605 /* Fetch.swift in Sources */ = {isa = PBXBuildFile; fileRef = 9D817CB81A89D8F700137605 /* Fetch.swift */; };
		9D817CD01A89D8F700137605 /* Fetch.swift in Sources */ = {isa = PBXBuildFile; fileRef = 9D817CB81A89D8F700137605 /* Fetch.swift */; };
		9D817CD11A89D8F700137605 /* Fetcher.swift in Sources */ = {isa = PBXBuildFile; fileRef = 9D817CB91A89D8F700137605 /* Fetcher.swift */; };
		9D817CD21A89D8F700137605 /* Fetcher.swift in Sources */ = {isa = PBXBuildFile; fileRef = 9D817CB91A89D8F700137605 /* Fetcher.swift */; };
		9D817CD31A89D8F700137605 /* Format.swift in Sources */ = {isa = PBXBuildFile; fileRef = 9D817CBA1A89D8F700137605 /* Format.swift */; };
		9D817CD41A89D8F700137605 /* Format.swift in Sources */ = {isa = PBXBuildFile; fileRef = 9D817CBA1A89D8F700137605 /* Format.swift */; };
		9D817CD51A89D8F700137605 /* Haneke.swift in Sources */ = {isa = PBXBuildFile; fileRef = 9D817CBC1A89D8F700137605 /* Haneke.swift */; };
		9D817CD61A89D8F700137605 /* Haneke.swift in Sources */ = {isa = PBXBuildFile; fileRef = 9D817CBC1A89D8F700137605 /* Haneke.swift */; };
		9D817CD71A89D8F700137605 /* NetworkFetcher.swift in Sources */ = {isa = PBXBuildFile; fileRef = 9D817CBD1A89D8F700137605 /* NetworkFetcher.swift */; };
		9D817CD81A89D8F700137605 /* NetworkFetcher.swift in Sources */ = {isa = PBXBuildFile; fileRef = 9D817CBD1A89D8F700137605 /* NetworkFetcher.swift */; };
		9D817CD91A89D8F700137605 /* NSFileManager+Haneke.swift in Sources */ = {isa = PBXBuildFile; fileRef = 9D817CBE1A89D8F700137605 /* NSFileManager+Haneke.swift */; };
		9D817CDA1A89D8F700137605 /* NSFileManager+Haneke.swift in Sources */ = {isa = PBXBuildFile; fileRef = 9D817CBE1A89D8F700137605 /* NSFileManager+Haneke.swift */; };
		9D817CDB1A89D8F700137605 /* NSHTTPURLResponse+Haneke.swift in Sources */ = {isa = PBXBuildFile; fileRef = 9D817CBF1A89D8F700137605 /* NSHTTPURLResponse+Haneke.swift */; };
		9D817CDC1A89D8F700137605 /* NSHTTPURLResponse+Haneke.swift in Sources */ = {isa = PBXBuildFile; fileRef = 9D817CBF1A89D8F700137605 /* NSHTTPURLResponse+Haneke.swift */; };
		9D817CDD1A89D8F700137605 /* String+Haneke.swift in Sources */ = {isa = PBXBuildFile; fileRef = 9D817CC01A89D8F700137605 /* String+Haneke.swift */; };
		9D817CDE1A89D8F700137605 /* String+Haneke.swift in Sources */ = {isa = PBXBuildFile; fileRef = 9D817CC01A89D8F700137605 /* String+Haneke.swift */; };
		9D817CDF1A89D8F700137605 /* UIButton+Haneke.swift in Sources */ = {isa = PBXBuildFile; fileRef = 9D817CC11A89D8F700137605 /* UIButton+Haneke.swift */; };
		9D817CE01A89D8F700137605 /* UIButton+Haneke.swift in Sources */ = {isa = PBXBuildFile; fileRef = 9D817CC11A89D8F700137605 /* UIButton+Haneke.swift */; };
		9D817CE11A89D8F700137605 /* UIImage+Haneke.swift in Sources */ = {isa = PBXBuildFile; fileRef = 9D817CC21A89D8F700137605 /* UIImage+Haneke.swift */; };
		9D817CE21A89D8F700137605 /* UIImage+Haneke.swift in Sources */ = {isa = PBXBuildFile; fileRef = 9D817CC21A89D8F700137605 /* UIImage+Haneke.swift */; };
		9D817CE31A89D8F700137605 /* UIImageView+Haneke.swift in Sources */ = {isa = PBXBuildFile; fileRef = 9D817CC31A89D8F700137605 /* UIImageView+Haneke.swift */; };
		9D817CE41A89D8F700137605 /* UIImageView+Haneke.swift in Sources */ = {isa = PBXBuildFile; fileRef = 9D817CC31A89D8F700137605 /* UIImageView+Haneke.swift */; };
		9D817CE51A89D8F700137605 /* UIView+Haneke.swift in Sources */ = {isa = PBXBuildFile; fileRef = 9D817CC41A89D8F700137605 /* UIView+Haneke.swift */; };
		9D817CE61A89D8F700137605 /* UIView+Haneke.swift in Sources */ = {isa = PBXBuildFile; fileRef = 9D817CC41A89D8F700137605 /* UIView+Haneke.swift */; };
		9D817CE81A89D92E00137605 /* Cache.swift in Sources */ = {isa = PBXBuildFile; fileRef = 9D817CE71A89D92E00137605 /* Cache.swift */; };
		9D817CE91A89D92E00137605 /* Cache.swift in Sources */ = {isa = PBXBuildFile; fileRef = 9D817CE71A89D92E00137605 /* Cache.swift */; };
		9D817CF21A89E52300137605 /* TYBaseNetworkService.swift in Sources */ = {isa = PBXBuildFile; fileRef = 9D817CF11A89E52300137605 /* TYBaseNetworkService.swift */; };
		9D817CF31A89E52300137605 /* TYBaseNetworkService.swift in Sources */ = {isa = PBXBuildFile; fileRef = 9D817CF11A89E52300137605 /* TYBaseNetworkService.swift */; };
		9D817CFE1A8A0EC500137605 /* TYDefines.swift in Sources */ = {isa = PBXBuildFile; fileRef = 9D817CFD1A8A0EC500137605 /* TYDefines.swift */; };
		9D817CFF1A8A0EC500137605 /* TYDefines.swift in Sources */ = {isa = PBXBuildFile; fileRef = 9D817CFD1A8A0EC500137605 /* TYDefines.swift */; };
		9DC7EBA41A8C362600334047 /* TYTaskManager.swift in Sources */ = {isa = PBXBuildFile; fileRef = 9DC7EBA31A8C362600334047 /* TYTaskManager.swift */; };
		9DC7EBA61A8C36FD00334047 /* TYFetchNetworkDataTask.swift in Sources */ = {isa = PBXBuildFile; fileRef = 9D817CA21A89AB6200137605 /* TYFetchNetworkDataTask.swift */; };
		9DC7EBA71A8C370000334047 /* TYDownloadImageTask.swift in Sources */ = {isa = PBXBuildFile; fileRef = 9D817CA01A89AB2700137605 /* TYDownloadImageTask.swift */; };
		9DC7EBA81A8C370300334047 /* TYBaseTask.swift in Sources */ = {isa = PBXBuildFile; fileRef = 9D817C9D1A89A3CD00137605 /* TYBaseTask.swift */; };
		9DC7EBBF1A8C912F00334047 /* UIKit.framework in Frameworks */ = {isa = PBXBuildFile; fileRef = 9DC7EBBE1A8C912F00334047 /* UIKit.framework */; };
		9DC7EBC11A8C913600334047 /* Foundation.framework in Frameworks */ = {isa = PBXBuildFile; fileRef = 9DC7EBC01A8C913600334047 /* Foundation.framework */; };
		9DC7EBC41A8C91BD00334047 /* Alamofire.swift in Sources */ = {isa = PBXBuildFile; fileRef = 9DC7EBC31A8C91BD00334047 /* Alamofire.swift */; };
		9DC7EBC51A8C91BD00334047 /* Alamofire.swift in Sources */ = {isa = PBXBuildFile; fileRef = 9DC7EBC31A8C91BD00334047 /* Alamofire.swift */; };
		9DC7EBC81A8C9CF200334047 /* Async.swift in Sources */ = {isa = PBXBuildFile; fileRef = 9DC7EBC71A8C9CF200334047 /* Async.swift */; };
		9DC7EBC91A8C9CF200334047 /* Async.swift in Sources */ = {isa = PBXBuildFile; fileRef = 9DC7EBC71A8C9CF200334047 /* Async.swift */; };
/* End PBXBuildFile section */

/* Begin PBXContainerItemProxy section */
		9D817C8D1A89A33C00137605 /* PBXContainerItemProxy */ = {
			isa = PBXContainerItemProxy;
			containerPortal = 9D817C6F1A89A33C00137605 /* Project object */;
			proxyType = 1;
			remoteGlobalIDString = 9D817C761A89A33C00137605;
			remoteInfo = TYMutiTaskKit;
		};
/* End PBXContainerItemProxy section */

/* Begin PBXFileReference section */
		9D817C771A89A33C00137605 /* TYMutiTaskKit.app */ = {isa = PBXFileReference; explicitFileType = wrapper.application; includeInIndex = 0; path = TYMutiTaskKit.app; sourceTree = BUILT_PRODUCTS_DIR; };
		9D817C7B1A89A33C00137605 /* Info.plist */ = {isa = PBXFileReference; lastKnownFileType = text.plist.xml; path = Info.plist; sourceTree = "<group>"; };
		9D817C7C1A89A33C00137605 /* AppDelegate.swift */ = {isa = PBXFileReference; lastKnownFileType = sourcecode.swift; path = AppDelegate.swift; sourceTree = "<group>"; };
		9D817C7E1A89A33C00137605 /* ViewController.swift */ = {isa = PBXFileReference; lastKnownFileType = sourcecode.swift; path = ViewController.swift; sourceTree = "<group>"; };
		9D817C811A89A33C00137605 /* Base */ = {isa = PBXFileReference; lastKnownFileType = file.storyboard; name = Base; path = Base.lproj/Main.storyboard; sourceTree = "<group>"; };
		9D817C831A89A33C00137605 /* Images.xcassets */ = {isa = PBXFileReference; lastKnownFileType = folder.assetcatalog; path = Images.xcassets; sourceTree = "<group>"; };
		9D817C861A89A33C00137605 /* Base */ = {isa = PBXFileReference; lastKnownFileType = file.xib; name = Base; path = Base.lproj/LaunchScreen.xib; sourceTree = "<group>"; };
		9D817C8C1A89A33C00137605 /* TYMutiTaskKitTests.xctest */ = {isa = PBXFileReference; explicitFileType = wrapper.cfbundle; includeInIndex = 0; path = TYMutiTaskKitTests.xctest; sourceTree = BUILT_PRODUCTS_DIR; };
		9D817C911A89A33C00137605 /* Info.plist */ = {isa = PBXFileReference; lastKnownFileType = text.plist.xml; path = Info.plist; sourceTree = "<group>"; };
		9D817C921A89A33C00137605 /* TYMutiTaskKitTests.swift */ = {isa = PBXFileReference; lastKnownFileType = sourcecode.swift; path = TYMutiTaskKitTests.swift; sourceTree = "<group>"; };
		9D817C9D1A89A3CD00137605 /* TYBaseTask.swift */ = {isa = PBXFileReference; fileEncoding = 4; lastKnownFileType = sourcecode.swift; name = TYBaseTask.swift; path = Tasks/TYBaseTask.swift; sourceTree = "<group>"; };
		9D817CA01A89AB2700137605 /* TYDownloadImageTask.swift */ = {isa = PBXFileReference; fileEncoding = 4; lastKnownFileType = sourcecode.swift; name = TYDownloadImageTask.swift; path = Tasks/TYDownloadImageTask.swift; sourceTree = "<group>"; };
		9D817CA21A89AB6200137605 /* TYFetchNetworkDataTask.swift */ = {isa = PBXFileReference; fileEncoding = 4; lastKnownFileType = sourcecode.swift; name = TYFetchNetworkDataTask.swift; path = Tasks/TYFetchNetworkDataTask.swift; sourceTree = "<group>"; };
		9D817CB21A89D8F700137605 /* CGSize+Swift.swift */ = {isa = PBXFileReference; fileEncoding = 4; lastKnownFileType = sourcecode.swift; path = "CGSize+Swift.swift"; sourceTree = "<group>"; };
		9D817CB41A89D8F700137605 /* CryptoSwiftMD5.swift */ = {isa = PBXFileReference; fileEncoding = 4; lastKnownFileType = sourcecode.swift; path = CryptoSwiftMD5.swift; sourceTree = "<group>"; };
		9D817CB51A89D8F700137605 /* Data.swift */ = {isa = PBXFileReference; fileEncoding = 4; lastKnownFileType = sourcecode.swift; path = Data.swift; sourceTree = "<group>"; };
		9D817CB61A89D8F700137605 /* DiskCache.swift */ = {isa = PBXFileReference; fileEncoding = 4; lastKnownFileType = sourcecode.swift; path = DiskCache.swift; sourceTree = "<group>"; };
		9D817CB71A89D8F700137605 /* DiskFetcher.swift */ = {isa = PBXFileReference; fileEncoding = 4; lastKnownFileType = sourcecode.swift; path = DiskFetcher.swift; sourceTree = "<group>"; };
		9D817CB81A89D8F700137605 /* Fetch.swift */ = {isa = PBXFileReference; fileEncoding = 4; lastKnownFileType = sourcecode.swift; path = Fetch.swift; sourceTree = "<group>"; };
		9D817CB91A89D8F700137605 /* Fetcher.swift */ = {isa = PBXFileReference; fileEncoding = 4; lastKnownFileType = sourcecode.swift; path = Fetcher.swift; sourceTree = "<group>"; };
		9D817CBA1A89D8F700137605 /* Format.swift */ = {isa = PBXFileReference; fileEncoding = 4; lastKnownFileType = sourcecode.swift; path = Format.swift; sourceTree = "<group>"; };
		9D817CBB1A89D8F700137605 /* Haneke.h */ = {isa = PBXFileReference; fileEncoding = 4; lastKnownFileType = sourcecode.c.h; path = Haneke.h; sourceTree = "<group>"; };
		9D817CBC1A89D8F700137605 /* Haneke.swift */ = {isa = PBXFileReference; fileEncoding = 4; lastKnownFileType = sourcecode.swift; path = Haneke.swift; sourceTree = "<group>"; };
		9D817CBD1A89D8F700137605 /* NetworkFetcher.swift */ = {isa = PBXFileReference; fileEncoding = 4; lastKnownFileType = sourcecode.swift; path = NetworkFetcher.swift; sourceTree = "<group>"; };
		9D817CBE1A89D8F700137605 /* NSFileManager+Haneke.swift */ = {isa = PBXFileReference; fileEncoding = 4; lastKnownFileType = sourcecode.swift; path = "NSFileManager+Haneke.swift"; sourceTree = "<group>"; };
		9D817CBF1A89D8F700137605 /* NSHTTPURLResponse+Haneke.swift */ = {isa = PBXFileReference; fileEncoding = 4; lastKnownFileType = sourcecode.swift; path = "NSHTTPURLResponse+Haneke.swift"; sourceTree = "<group>"; };
		9D817CC01A89D8F700137605 /* String+Haneke.swift */ = {isa = PBXFileReference; fileEncoding = 4; lastKnownFileType = sourcecode.swift; path = "String+Haneke.swift"; sourceTree = "<group>"; };
		9D817CC11A89D8F700137605 /* UIButton+Haneke.swift */ = {isa = PBXFileReference; fileEncoding = 4; lastKnownFileType = sourcecode.swift; path = "UIButton+Haneke.swift"; sourceTree = "<group>"; };
		9D817CC21A89D8F700137605 /* UIImage+Haneke.swift */ = {isa = PBXFileReference; fileEncoding = 4; lastKnownFileType = sourcecode.swift; path = "UIImage+Haneke.swift"; sourceTree = "<group>"; };
		9D817CC31A89D8F700137605 /* UIImageView+Haneke.swift */ = {isa = PBXFileReference; fileEncoding = 4; lastKnownFileType = sourcecode.swift; path = "UIImageView+Haneke.swift"; sourceTree = "<group>"; };
		9D817CC41A89D8F700137605 /* UIView+Haneke.swift */ = {isa = PBXFileReference; fileEncoding = 4; lastKnownFileType = sourcecode.swift; path = "UIView+Haneke.swift"; sourceTree = "<group>"; };
		9D817CE71A89D92E00137605 /* Cache.swift */ = {isa = PBXFileReference; fileEncoding = 4; lastKnownFileType = sourcecode.swift; path = Cache.swift; sourceTree = "<group>"; };
		9D817CF11A89E52300137605 /* TYBaseNetworkService.swift */ = {isa = PBXFileReference; fileEncoding = 4; lastKnownFileType = sourcecode.swift; path = TYBaseNetworkService.swift; sourceTree = "<group>"; };
		9D817CFD1A8A0EC500137605 /* TYDefines.swift */ = {isa = PBXFileReference; fileEncoding = 4; lastKnownFileType = sourcecode.swift; name = TYDefines.swift; path = Tasks/TYDefines.swift; sourceTree = "<group>"; };
		9DC7EBA31A8C362600334047 /* TYTaskManager.swift */ = {isa = PBXFileReference; fileEncoding = 4; lastKnownFileType = sourcecode.swift; name = TYTaskManager.swift; path = Tasks/TYTaskManager.swift; sourceTree = "<group>"; };
		9DC7EBBE1A8C912F00334047 /* UIKit.framework */ = {isa = PBXFileReference; lastKnownFileType = wrapper.framework; name = UIKit.framework; path = System/Library/Frameworks/UIKit.framework; sourceTree = SDKROOT; };
		9DC7EBC01A8C913600334047 /* Foundation.framework */ = {isa = PBXFileReference; lastKnownFileType = wrapper.framework; name = Foundation.framework; path = System/Library/Frameworks/Foundation.framework; sourceTree = SDKROOT; };
		9DC7EBC21A8C91BD00334047 /* Alamofire.h */ = {isa = PBXFileReference; fileEncoding = 4; lastKnownFileType = sourcecode.c.h; path = Alamofire.h; sourceTree = "<group>"; };
		9DC7EBC31A8C91BD00334047 /* Alamofire.swift */ = {isa = PBXFileReference; fileEncoding = 4; lastKnownFileType = sourcecode.swift; path = Alamofire.swift; sourceTree = "<group>"; };
		9DC7EBC71A8C9CF200334047 /* Async.swift */ = {isa = PBXFileReference; fileEncoding = 4; lastKnownFileType = sourcecode.swift; path = Async.swift; sourceTree = "<group>"; };
/* End PBXFileReference section */

/* Begin PBXFrameworksBuildPhase section */
		9D817C741A89A33C00137605 /* Frameworks */ = {
			isa = PBXFrameworksBuildPhase;
			buildActionMask = 2147483647;
			files = (
				9DC7EBC11A8C913600334047 /* Foundation.framework in Frameworks */,
				9DC7EBBF1A8C912F00334047 /* UIKit.framework in Frameworks */,
			);
			runOnlyForDeploymentPostprocessing = 0;
		};
		9D817C891A89A33C00137605 /* Frameworks */ = {
			isa = PBXFrameworksBuildPhase;
			buildActionMask = 2147483647;
			files = (
			);
			runOnlyForDeploymentPostprocessing = 0;
		};
/* End PBXFrameworksBuildPhase section */

/* Begin PBXGroup section */
		9D817C6E1A89A33C00137605 = {
			isa = PBXGroup;
			children = (
				9DC7EBC01A8C913600334047 /* Foundation.framework */,
				9DC7EBBE1A8C912F00334047 /* UIKit.framework */,
				9D817C791A89A33C00137605 /* TYMutiTaskKit */,
				9D817C8F1A89A33C00137605 /* TYMutiTaskKitTests */,
				9D817C781A89A33C00137605 /* Products */,
			);
			sourceTree = "<group>";
		};
		9D817C781A89A33C00137605 /* Products */ = {
			isa = PBXGroup;
			children = (
				9D817C771A89A33C00137605 /* TYMutiTaskKit.app */,
				9D817C8C1A89A33C00137605 /* TYMutiTaskKitTests.xctest */,
			);
			name = Products;
			sourceTree = "<group>";
		};
		9D817C791A89A33C00137605 /* TYMutiTaskKit */ = {
			isa = PBXGroup;
			children = (
				9D817CEB1A89E46900137605 /* Network */,
				9D817CAB1A89D84B00137605 /* Libs */,
				9D817C9C1A89A36900137605 /* Tasks */,
				9D817C7C1A89A33C00137605 /* AppDelegate.swift */,
				9D817C7E1A89A33C00137605 /* ViewController.swift */,
				9D817C801A89A33C00137605 /* Main.storyboard */,
				9D817C831A89A33C00137605 /* Images.xcassets */,
				9D817C851A89A33C00137605 /* LaunchScreen.xib */,
				9D817C7A1A89A33C00137605 /* Supporting Files */,
			);
			path = TYMutiTaskKit;
			sourceTree = "<group>";
		};
		9D817C7A1A89A33C00137605 /* Supporting Files */ = {
			isa = PBXGroup;
			children = (
				9D817C7B1A89A33C00137605 /* Info.plist */,
			);
			name = "Supporting Files";
			sourceTree = "<group>";
		};
		9D817C8F1A89A33C00137605 /* TYMutiTaskKitTests */ = {
			isa = PBXGroup;
			children = (
				9D817C921A89A33C00137605 /* TYMutiTaskKitTests.swift */,
				9D817C901A89A33C00137605 /* Supporting Files */,
			);
			path = TYMutiTaskKitTests;
			sourceTree = "<group>";
		};
		9D817C901A89A33C00137605 /* Supporting Files */ = {
			isa = PBXGroup;
			children = (
				9D817C911A89A33C00137605 /* Info.plist */,
			);
			name = "Supporting Files";
			sourceTree = "<group>";
		};
		9D817C9C1A89A36900137605 /* Tasks */ = {
			isa = PBXGroup;
			children = (
				9D817C9D1A89A3CD00137605 /* TYBaseTask.swift */,
				9D817CA01A89AB2700137605 /* TYDownloadImageTask.swift */,
				9D817CA21A89AB6200137605 /* TYFetchNetworkDataTask.swift */,
				9D817CFD1A8A0EC500137605 /* TYDefines.swift */,
				9DC7EBA31A8C362600334047 /* TYTaskManager.swift */,
			);
			name = Tasks;
			sourceTree = "<group>";
		};
		9D817CAB1A89D84B00137605 /* Libs */ = {
			isa = PBXGroup;
			children = (
				9DC7EBC61A8C9CF200334047 /* GCDAsync */,
				9D817CEC1A89E4B000137605 /* Alamofire */,
				9D817CB11A89D8F700137605 /* Haneke */,
			);
			path = Libs;
			sourceTree = "<group>";
		};
		9D817CB11A89D8F700137605 /* Haneke */ = {
			isa = PBXGroup;
			children = (
				9D817CE71A89D92E00137605 /* Cache.swift */,
				9D817CB21A89D8F700137605 /* CGSize+Swift.swift */,
				9D817CB31A89D8F700137605 /* CryptoSwift */,
				9D817CB51A89D8F700137605 /* Data.swift */,
				9D817CB61A89D8F700137605 /* DiskCache.swift */,
				9D817CB71A89D8F700137605 /* DiskFetcher.swift */,
				9D817CB81A89D8F700137605 /* Fetch.swift */,
				9D817CB91A89D8F700137605 /* Fetcher.swift */,
				9D817CBA1A89D8F700137605 /* Format.swift */,
				9D817CBB1A89D8F700137605 /* Haneke.h */,
				9D817CBC1A89D8F700137605 /* Haneke.swift */,
				9D817CBD1A89D8F700137605 /* NetworkFetcher.swift */,
				9D817CBE1A89D8F700137605 /* NSFileManager+Haneke.swift */,
				9D817CBF1A89D8F700137605 /* NSHTTPURLResponse+Haneke.swift */,
				9D817CC01A89D8F700137605 /* String+Haneke.swift */,
				9D817CC11A89D8F700137605 /* UIButton+Haneke.swift */,
				9D817CC21A89D8F700137605 /* UIImage+Haneke.swift */,
				9D817CC31A89D8F700137605 /* UIImageView+Haneke.swift */,
				9D817CC41A89D8F700137605 /* UIView+Haneke.swift */,
			);
			path = Haneke;
			sourceTree = "<group>";
		};
		9D817CB31A89D8F700137605 /* CryptoSwift */ = {
			isa = PBXGroup;
			children = (
				9D817CB41A89D8F700137605 /* CryptoSwiftMD5.swift */,
			);
			path = CryptoSwift;
			sourceTree = "<group>";
		};
		9D817CEB1A89E46900137605 /* Network */ = {
			isa = PBXGroup;
			children = (
				9D817CF11A89E52300137605 /* TYBaseNetworkService.swift */,
			);
			path = Network;
			sourceTree = "<group>";
		};
		9D817CEC1A89E4B000137605 /* Alamofire */ = {
			isa = PBXGroup;
			children = (
				9DC7EBC21A8C91BD00334047 /* Alamofire.h */,
				9DC7EBC31A8C91BD00334047 /* Alamofire.swift */,
			);
			path = Alamofire;
			sourceTree = "<group>";
		};
		9DC7EBC61A8C9CF200334047 /* GCDAsync */ = {
			isa = PBXGroup;
			children = (
				9DC7EBC71A8C9CF200334047 /* Async.swift */,
			);
			path = GCDAsync;
			sourceTree = "<group>";
		};
/* End PBXGroup section */

/* Begin PBXNativeTarget section */
		9D817C761A89A33C00137605 /* TYMutiTaskKit */ = {
			isa = PBXNativeTarget;
			buildConfigurationList = 9D817C961A89A33C00137605 /* Build configuration list for PBXNativeTarget "TYMutiTaskKit" */;
			buildPhases = (
				9D817C731A89A33C00137605 /* Sources */,
				9D817C741A89A33C00137605 /* Frameworks */,
				9D817C751A89A33C00137605 /* Resources */,
			);
			buildRules = (
			);
			dependencies = (
			);
			name = TYMutiTaskKit;
			productName = TYMutiTaskKit;
			productReference = 9D817C771A89A33C00137605 /* TYMutiTaskKit.app */;
			productType = "com.apple.product-type.application";
		};
		9D817C8B1A89A33C00137605 /* TYMutiTaskKitTests */ = {
			isa = PBXNativeTarget;
			buildConfigurationList = 9D817C991A89A33C00137605 /* Build configuration list for PBXNativeTarget "TYMutiTaskKitTests" */;
			buildPhases = (
				9D817C881A89A33C00137605 /* Sources */,
				9D817C891A89A33C00137605 /* Frameworks */,
				9D817C8A1A89A33C00137605 /* Resources */,
			);
			buildRules = (
			);
			dependencies = (
				9D817C8E1A89A33C00137605 /* PBXTargetDependency */,
			);
			name = TYMutiTaskKitTests;
			productName = TYMutiTaskKitTests;
			productReference = 9D817C8C1A89A33C00137605 /* TYMutiTaskKitTests.xctest */;
			productType = "com.apple.product-type.bundle.unit-test";
		};
/* End PBXNativeTarget section */

/* Begin PBXProject section */
		9D817C6F1A89A33C00137605 /* Project object */ = {
			isa = PBXProject;
			attributes = {
				LastUpgradeCheck = 0610;
				ORGANIZATIONNAME = Tonny.hao;
				TargetAttributes = {
					9D817C761A89A33C00137605 = {
						CreatedOnToolsVersion = 6.1.1;
					};
					9D817C8B1A89A33C00137605 = {
						CreatedOnToolsVersion = 6.1.1;
						TestTargetID = 9D817C761A89A33C00137605;
					};
				};
			};
			buildConfigurationList = 9D817C721A89A33C00137605 /* Build configuration list for PBXProject "TYMutiTaskKit" */;
			compatibilityVersion = "Xcode 3.2";
			developmentRegion = English;
			hasScannedForEncodings = 0;
			knownRegions = (
				en,
				Base,
			);
			mainGroup = 9D817C6E1A89A33C00137605;
			productRefGroup = 9D817C781A89A33C00137605 /* Products */;
			projectDirPath = "";
			projectRoot = "";
			targets = (
				9D817C761A89A33C00137605 /* TYMutiTaskKit */,
				9D817C8B1A89A33C00137605 /* TYMutiTaskKitTests */,
			);
		};
/* End PBXProject section */

/* Begin PBXResourcesBuildPhase section */
		9D817C751A89A33C00137605 /* Resources */ = {
			isa = PBXResourcesBuildPhase;
			buildActionMask = 2147483647;
			files = (
				9D817C821A89A33C00137605 /* Main.storyboard in Resources */,
				9D817C871A89A33C00137605 /* LaunchScreen.xib in Resources */,
				9D817C841A89A33C00137605 /* Images.xcassets in Resources */,
			);
			runOnlyForDeploymentPostprocessing = 0;
		};
		9D817C8A1A89A33C00137605 /* Resources */ = {
			isa = PBXResourcesBuildPhase;
			buildActionMask = 2147483647;
			files = (
			);
			runOnlyForDeploymentPostprocessing = 0;
		};
/* End PBXResourcesBuildPhase section */

/* Begin PBXSourcesBuildPhase section */
		9D817C731A89A33C00137605 /* Sources */ = {
			isa = PBXSourcesBuildPhase;
			buildActionMask = 2147483647;
			files = (
				9D817CE81A89D92E00137605 /* Cache.swift in Sources */,
				9D817CCF1A89D8F700137605 /* Fetch.swift in Sources */,
				9D817C9E1A89A3CD00137605 /* TYBaseTask.swift in Sources */,
				9D817CDD1A89D8F700137605 /* String+Haneke.swift in Sources */,
				9D817CE11A89D8F700137605 /* UIImage+Haneke.swift in Sources */,
				9D817CD31A89D8F700137605 /* Format.swift in Sources */,
				9D817C7F1A89A33C00137605 /* ViewController.swift in Sources */,
				9D817CC51A89D8F700137605 /* CGSize+Swift.swift in Sources */,
				9D817CDF1A89D8F700137605 /* UIButton+Haneke.swift in Sources */,
				9D817CD51A89D8F700137605 /* Haneke.swift in Sources */,
				9D817C7D1A89A33C00137605 /* AppDelegate.swift in Sources */,
				9D817CD71A89D8F700137605 /* NetworkFetcher.swift in Sources */,
				9D817CD91A89D8F700137605 /* NSFileManager+Haneke.swift in Sources */,
				9D817CDB1A89D8F700137605 /* NSHTTPURLResponse+Haneke.swift in Sources */,
				9D817CF21A89E52300137605 /* TYBaseNetworkService.swift in Sources */,
				9DC7EBC41A8C91BD00334047 /* Alamofire.swift in Sources */,
				9D817CE31A89D8F700137605 /* UIImageView+Haneke.swift in Sources */,
				9D817CD11A89D8F700137605 /* Fetcher.swift in Sources */,
				9D817CFE1A8A0EC500137605 /* TYDefines.swift in Sources */,
				9D817CA31A89AB6200137605 /* TYFetchNetworkDataTask.swift in Sources */,
				9D817CCB1A89D8F700137605 /* DiskCache.swift in Sources */,
				9D817CCD1A89D8F700137605 /* DiskFetcher.swift in Sources */,
				9DC7EBA41A8C362600334047 /* TYTaskManager.swift in Sources */,
				9D817CE51A89D8F700137605 /* UIView+Haneke.swift in Sources */,
				9DC7EBC81A8C9CF200334047 /* Async.swift in Sources */,
				9D817CC71A89D8F700137605 /* CryptoSwiftMD5.swift in Sources */,
				9D817CA11A89AB2700137605 /* TYDownloadImageTask.swift in Sources */,
				9D817CC91A89D8F700137605 /* Data.swift in Sources */,
			);
			runOnlyForDeploymentPostprocessing = 0;
		};
		9D817C881A89A33C00137605 /* Sources */ = {
			isa = PBXSourcesBuildPhase;
			buildActionMask = 2147483647;
			files = (
				9D817CE01A89D8F700137605 /* UIButton+Haneke.swift in Sources */,
				9D817CC61A89D8F700137605 /* CGSize+Swift.swift in Sources */,
				9D817CE41A89D8F700137605 /* UIImageView+Haneke.swift in Sources */,
				9DC7EBA61A8C36FD00334047 /* TYFetchNetworkDataTask.swift in Sources */,
				9D817CF31A89E52300137605 /* TYBaseNetworkService.swift in Sources */,
				9D817CD61A89D8F700137605 /* Haneke.swift in Sources */,
				9DC7EBA81A8C370300334047 /* TYBaseTask.swift in Sources */,
				9D817CD21A89D8F700137605 /* Fetcher.swift in Sources */,
				9D817CC81A89D8F700137605 /* CryptoSwiftMD5.swift in Sources */,
				9D817CE61A89D8F700137605 /* UIView+Haneke.swift in Sources */,
				9D817CCE1A89D8F700137605 /* DiskFetcher.swift in Sources */,
				9DC7EBC51A8C91BD00334047 /* Alamofire.swift in Sources */,
				9DC7EBC91A8C9CF200334047 /* Async.swift in Sources */,
				9D817CD01A89D8F700137605 /* Fetch.swift in Sources */,
				9D817CE21A89D8F700137605 /* UIImage+Haneke.swift in Sources */,
				9D817CD41A89D8F700137605 /* Format.swift in Sources */,
				9D817CE91A89D92E00137605 /* Cache.swift in Sources */,
				9D817C931A89A33C00137605 /* TYMutiTaskKitTests.swift in Sources */,
				9D817CDE1A89D8F700137605 /* String+Haneke.swift in Sources */,
				9DC7EBA71A8C370000334047 /* TYDownloadImageTask.swift in Sources */,
				9D817CDA1A89D8F700137605 /* NSFileManager+Haneke.swift in Sources */,
				9D817CD81A89D8F700137605 /* NetworkFetcher.swift in Sources */,
				9D817CFF1A8A0EC500137605 /* TYDefines.swift in Sources */,
				9D817CCA1A89D8F700137605 /* Data.swift in Sources */,
				9D817CDC1A89D8F700137605 /* NSHTTPURLResponse+Haneke.swift in Sources */,
				9D817CCC1A89D8F700137605 /* DiskCache.swift in Sources */,
			);
			runOnlyForDeploymentPostprocessing = 0;
		};
/* End PBXSourcesBuildPhase section */

/* Begin PBXTargetDependency section */
		9D817C8E1A89A33C00137605 /* PBXTargetDependency */ = {
			isa = PBXTargetDependency;
			target = 9D817C761A89A33C00137605 /* TYMutiTaskKit */;
			targetProxy = 9D817C8D1A89A33C00137605 /* PBXContainerItemProxy */;
		};
/* End PBXTargetDependency section */

/* Begin PBXVariantGroup section */
		9D817C801A89A33C00137605 /* Main.storyboard */ = {
			isa = PBXVariantGroup;
			children = (
				9D817C811A89A33C00137605 /* Base */,
			);
			name = Main.storyboard;
			sourceTree = "<group>";
		};
		9D817C851A89A33C00137605 /* LaunchScreen.xib */ = {
			isa = PBXVariantGroup;
			children = (
				9D817C861A89A33C00137605 /* Base */,
			);
			name = LaunchScreen.xib;
			sourceTree = "<group>";
		};
/* End PBXVariantGroup section */

/* Begin XCBuildConfiguration section */
		9D817C941A89A33C00137605 /* Debug */ = {
			isa = XCBuildConfiguration;
			buildSettings = {
				ALWAYS_SEARCH_USER_PATHS = NO;
				CLANG_CXX_LANGUAGE_STANDARD = "gnu++0x";
				CLANG_CXX_LIBRARY = "libc++";
				CLANG_ENABLE_MODULES = YES;
				CLANG_ENABLE_OBJC_ARC = YES;
				CLANG_WARN_BOOL_CONVERSION = YES;
				CLANG_WARN_CONSTANT_CONVERSION = YES;
				CLANG_WARN_DIRECT_OBJC_ISA_USAGE = YES_ERROR;
				CLANG_WARN_EMPTY_BODY = YES;
				CLANG_WARN_ENUM_CONVERSION = YES;
				CLANG_WARN_INT_CONVERSION = YES;
				CLANG_WARN_OBJC_ROOT_CLASS = YES_ERROR;
				CLANG_WARN_UNREACHABLE_CODE = YES;
				CLANG_WARN__DUPLICATE_METHOD_MATCH = YES;
				"CODE_SIGN_IDENTITY[sdk=iphoneos*]" = "iPhone Developer";
				COPY_PHASE_STRIP = NO;
				ENABLE_STRICT_OBJC_MSGSEND = YES;
				GCC_C_LANGUAGE_STANDARD = gnu99;
				GCC_DYNAMIC_NO_PIC = NO;
				GCC_OPTIMIZATION_LEVEL = 0;
				GCC_PREPROCESSOR_DEFINITIONS = (
					"DEBUG=1",
					"$(inherited)",
				);
				GCC_SYMBOLS_PRIVATE_EXTERN = NO;
				GCC_WARN_64_TO_32_BIT_CONVERSION = YES;
				GCC_WARN_ABOUT_RETURN_TYPE = YES_ERROR;
				GCC_WARN_UNDECLARED_SELECTOR = YES;
				GCC_WARN_UNINITIALIZED_AUTOS = YES_AGGRESSIVE;
				GCC_WARN_UNUSED_FUNCTION = YES;
				GCC_WARN_UNUSED_VARIABLE = YES;
				IPHONEOS_DEPLOYMENT_TARGET = 7.0;
				MTL_ENABLE_DEBUG_INFO = YES;
				ONLY_ACTIVE_ARCH = YES;
				SDKROOT = iphoneos;
				SWIFT_OPTIMIZATION_LEVEL = "-Onone";
				TARGETED_DEVICE_FAMILY = "1,2";
			};
			name = Debug;
		};
		9D817C951A89A33C00137605 /* Release */ = {
			isa = XCBuildConfiguration;
			buildSettings = {
				ALWAYS_SEARCH_USER_PATHS = NO;
				CLANG_CXX_LANGUAGE_STANDARD = "gnu++0x";
				CLANG_CXX_LIBRARY = "libc++";
				CLANG_ENABLE_MODULES = YES;
				CLANG_ENABLE_OBJC_ARC = YES;
				CLANG_WARN_BOOL_CONVERSION = YES;
				CLANG_WARN_CONSTANT_CONVERSION = YES;
				CLANG_WARN_DIRECT_OBJC_ISA_USAGE = YES_ERROR;
				CLANG_WARN_EMPTY_BODY = YES;
				CLANG_WARN_ENUM_CONVERSION = YES;
				CLANG_WARN_INT_CONVERSION = YES;
				CLANG_WARN_OBJC_ROOT_CLASS = YES_ERROR;
				CLANG_WARN_UNREACHABLE_CODE = YES;
				CLANG_WARN__DUPLICATE_METHOD_MATCH = YES;
				"CODE_SIGN_IDENTITY[sdk=iphoneos*]" = "iPhone Developer";
				COPY_PHASE_STRIP = YES;
				ENABLE_NS_ASSERTIONS = NO;
				ENABLE_STRICT_OBJC_MSGSEND = YES;
				GCC_C_LANGUAGE_STANDARD = gnu99;
				GCC_WARN_64_TO_32_BIT_CONVERSION = YES;
				GCC_WARN_ABOUT_RETURN_TYPE = YES_ERROR;
				GCC_WARN_UNDECLARED_SELECTOR = YES;
				GCC_WARN_UNINITIALIZED_AUTOS = YES_AGGRESSIVE;
				GCC_WARN_UNUSED_FUNCTION = YES;
				GCC_WARN_UNUSED_VARIABLE = YES;
				IPHONEOS_DEPLOYMENT_TARGET = 7.0;
				MTL_ENABLE_DEBUG_INFO = NO;
				SDKROOT = iphoneos;
				TARGETED_DEVICE_FAMILY = "1,2";
				VALIDATE_PRODUCT = YES;
			};
			name = Release;
		};
		9D817C971A89A33C00137605 /* Debug */ = {
			isa = XCBuildConfiguration;
			buildSettings = {
				ASSETCATALOG_COMPILER_APPICON_NAME = AppIcon;
				FRAMEWORK_SEARCH_PATHS = (
					"$(inherited)",
					"$(PROJECT_DIR)/TYMutiTaskKitTests",
					"$(PROJECT_DIR)/TYMutiTaskKit",
				);
				INFOPLIST_FILE = TYMutiTaskKit/Info.plist;
				LD_RUNPATH_SEARCH_PATHS = "$(inherited) @executable_path/Frameworks";
				PRODUCT_NAME = "$(TARGET_NAME)";
			};
			name = Debug;
		};
		9D817C981A89A33C00137605 /* Release */ = {
			isa = XCBuildConfiguration;
			buildSettings = {
				ASSETCATALOG_COMPILER_APPICON_NAME = AppIcon;
				FRAMEWORK_SEARCH_PATHS = (
					"$(inherited)",
					"$(PROJECT_DIR)/TYMutiTaskKitTests",
					"$(PROJECT_DIR)/TYMutiTaskKit",
				);
				INFOPLIST_FILE = TYMutiTaskKit/Info.plist;
				LD_RUNPATH_SEARCH_PATHS = "$(inherited) @executable_path/Frameworks";
				PRODUCT_NAME = "$(TARGET_NAME)";
			};
			name = Release;
		};
		9D817C9A1A89A33C00137605 /* Debug */ = {
			isa = XCBuildConfiguration;
			buildSettings = {
				BUNDLE_LOADER = "$(TEST_HOST)";
				FRAMEWORK_SEARCH_PATHS = (
					"$(SDKROOT)/Developer/Library/Frameworks",
					"$(inherited)",
					"$(PROJECT_DIR)/TYMutiTaskKitTests",
					"$(PROJECT_DIR)/TYMutiTaskKit",
				);
				GCC_PREPROCESSOR_DEFINITIONS = (
					"DEBUG=1",
					"$(inherited)",
				);
				INFOPLIST_FILE = TYMutiTaskKitTests/Info.plist;
				LD_RUNPATH_SEARCH_PATHS = "$(inherited) @executable_path/Frameworks @loader_path/Frameworks";
				PRODUCT_NAME = "$(TARGET_NAME)";
				TEST_HOST = "$(BUILT_PRODUCTS_DIR)/TYMutiTaskKit.app/TYMutiTaskKit";
			};
			name = Debug;
		};
		9D817C9B1A89A33C00137605 /* Release */ = {
			isa = XCBuildConfiguration;
			buildSettings = {
				BUNDLE_LOADER = "$(TEST_HOST)";
				FRAMEWORK_SEARCH_PATHS = (
					"$(SDKROOT)/Developer/Library/Frameworks",
					"$(inherited)",
					"$(PROJECT_DIR)/TYMutiTaskKitTests",
					"$(PROJECT_DIR)/TYMutiTaskKit",
				);
				INFOPLIST_FILE = TYMutiTaskKitTests/Info.plist;
				LD_RUNPATH_SEARCH_PATHS = "$(inherited) @executable_path/Frameworks @loader_path/Frameworks";
				PRODUCT_NAME = "$(TARGET_NAME)";
				TEST_HOST = "$(BUILT_PRODUCTS_DIR)/TYMutiTaskKit.app/TYMutiTaskKit";
			};
			name = Release;
		};
/* End XCBuildConfiguration section */

/* Begin XCConfigurationList section */
		9D817C721A89A33C00137605 /* Build configuration list for PBXProject "TYMutiTaskKit" */ = {
			isa = XCConfigurationList;
			buildConfigurations = (
				9D817C941A89A33C00137605 /* Debug */,
				9D817C951A89A33C00137605 /* Release */,
			);
			defaultConfigurationIsVisible = 0;
			defaultConfigurationName = Release;
		};
		9D817C961A89A33C00137605 /* Build configuration list for PBXNativeTarget "TYMutiTaskKit" */ = {
			isa = XCConfigurationList;
			buildConfigurations = (
				9D817C971A89A33C00137605 /* Debug */,
				9D817C981A89A33C00137605 /* Release */,
			);
			defaultConfigurationIsVisible = 0;
			defaultConfigurationName = Release;
		};
		9D817C991A89A33C00137605 /* Build configuration list for PBXNativeTarget "TYMutiTaskKitTests" */ = {
			isa = XCConfigurationList;
			buildConfigurations = (
				9D817C9A1A89A33C00137605 /* Debug */,
				9D817C9B1A89A33C00137605 /* Release */,
			);
			defaultConfigurationIsVisible = 0;
			defaultConfigurationName = Release;
		};
/* End XCConfigurationList section */
	};
	rootObject = 9D817C6F1A89A33C00137605 /* Project object */;
}
